
Microsoft Visual Studio Solution File, Format Version 12.00
# Visual Studio Version 17
VisualStudioVersion = 17.3.32819.101
MinimumVisualStudioVersion = 10.0.40219.1
Project("{9A19103F-16F7-4668-BE54-9A1E7A4F7556}") = "DTO", "DTO\DTO.csproj", "{AE93ADF9-6990-4D7D-9C31-5C4B56874D62}"
EndProject
Project("{9A19103F-16F7-4668-BE54-9A1E7A4F7556}") = "Logic", "Logic\Logic.csproj", "{B112D3DA-B5A3-4902-8A36-72D7467F43D6}"
EndProject
Project("{9A19103F-16F7-4668-BE54-9A1E7A4F7556}") = "Planning_Generator", "Planning_Generator\Planning_Generator.csproj", "{21CE6176-BD87-4F8C-B643-28482FB81320}"
EndProject
Project("{9A19103F-16F7-4668-BE54-9A1E7A4F7556}") = "DTO_BinaryFile", "DTO_BinaryFile\DTO_BinaryFile.csproj", "{0F6F82ED-622C-4573-98A9-05FC1E1883D2}"
EndProject
Project("{9A19103F-16F7-4668-BE54-9A1E7A4F7556}") = "UnitTest_Pl", "UnitTest_Pl\UnitTest_Pl.csproj", "{3988A92D-FCB5-4A7D-9B66-62967CE9F518}"
EndProject
Project("{2150E333-8FDC-42A3-9474-1A3956D46DE8}") = "Solution Items", "Solution Items", "{A1BE2082-E4FC-419F-9D4A-4743D5E2435F}"
	ProjectSection(SolutionItems) = preProject
		.editorconfig = .editorconfig
	EndProjectSection
EndProject
Project("{2150E333-8FDC-42A3-9474-1A3956D46DE8}") = "Documentatie", "Documentatie", "{5FD74284-B79F-4D3B-AEC3-674A89174344}"
EndProject
Global
	GlobalSection(SolutionConfigurationPlatforms) = preSolution
		Debug|Any CPU = Debug|Any CPU
		Release|Any CPU = Release|Any CPU
	EndGlobalSection
	GlobalSection(ProjectConfigurationPlatforms) = postSolution
		{AE93ADF9-6990-4D7D-9C31-5C4B56874D62}.Debug|Any CPU.ActiveCfg = Debug|Any CPU
		{AE93ADF9-6990-4D7D-9C31-5C4B56874D62}.Debug|Any CPU.Build.0 = Debug|Any CPU
		{AE93ADF9-6990-4D7D-9C31-5C4B56874D62}.Release|Any CPU.ActiveCfg = Release|Any CPU
		{AE93ADF9-6990-4D7D-9C31-5C4B56874D62}.Release|Any CPU.Build.0 = Release|Any CPU
		{B112D3DA-B5A3-4902-8A36-72D7467F43D6}.Debug|Any CPU.ActiveCfg = Debug|Any CPU
		{B112D3DA-B5A3-4902-8A36-72D7467F43D6}.Debug|Any CPU.Build.0 = Debug|Any CPU
		{B112D3DA-B5A3-4902-8A36-72D7467F43D6}.Release|Any CPU.ActiveCfg = Release|Any CPU
		{B112D3DA-B5A3-4902-8A36-72D7467F43D6}.Release|Any CPU.Build.0 = Release|Any CPU
		{21CE6176-BD87-4F8C-B643-28482FB81320}.Debug|Any CPU.ActiveCfg = Debug|Any CPU
		{21CE6176-BD87-4F8C-B643-28482FB81320}.Debug|Any CPU.Build.0 = Debug|Any CPU
		{21CE6176-BD87-4F8C-B643-28482FB81320}.Release|Any CPU.ActiveCfg = Release|Any CPU
		{21CE6176-BD87-4F8C-B643-28482FB81320}.Release|Any CPU.Build.0 = Release|Any CPU
		{0F6F82ED-622C-4573-98A9-05FC1E1883D2}.Debug|Any CPU.ActiveCfg = Debug|Any CPU
		{0F6F82ED-622C-4573-98A9-05FC1E1883D2}.Debug|Any CPU.Build.0 = Debug|Any CPU
		{0F6F82ED-622C-4573-98A9-05FC1E1883D2}.Release|Any CPU.ActiveCfg = Release|Any CPU
		{0F6F82ED-622C-4573-98A9-05FC1E1883D2}.Release|Any CPU.Build.0 = Release|Any CPU
		{3988A92D-FCB5-4A7D-9B66-62967CE9F518}.Debug|Any CPU.ActiveCfg = Debug|Any CPU
		{3988A92D-FCB5-4A7D-9B66-62967CE9F518}.Debug|Any CPU.Build.0 = Debug|Any CPU
		{3988A92D-FCB5-4A7D-9B66-62967CE9F518}.Release|Any CPU.ActiveCfg = Release|Any CPU
		{3988A92D-FCB5-4A7D-9B66-62967CE9F518}.Release|Any CPU.Build.0 = Release|Any CPU
	EndGlobalSection
	GlobalSection(SolutionProperties) = preSolution
		HideSolutionNode = FALSE
	EndGlobalSection
	GlobalSection(ExtensibilityGlobals) = postSolution
		SolutionGuid = {69A4C2F6-9AFD-42D6-A755-5A919134238B}
	EndGlobalSection
EndGlobal
